
Microsoft Visual Studio Solution File, Format Version 12.00
# Visual Studio Version 17
VisualStudioVersion = 17.9.34622.214
MinimumVisualStudioVersion = 10.0.40219.1
Project("{9A19103F-16F7-4668-BE54-9A1E7A4F7556}") = "RabbitMQLib", "RabbitMQLib\RabbitMQLib.csproj", "{69CABE13-DFCA-4CCC-A5E4-C8336F83788C}"
EndProject
Project("{2150E333-8FDC-42A3-9474-1A3956D46DE8}") = "MessageBroker", "MessageBroker", "{5BF7462B-AC2F-40D2-A99D-10BB06E629CB}"
EndProject
Project("{2150E333-8FDC-42A3-9474-1A3956D46DE8}") = "Consumer", "Consumer", "{7E5DC6BF-2A57-4C90-A6D2-43ADBC916FAB}"
EndProject
Project("{2150E333-8FDC-42A3-9474-1A3956D46DE8}") = "Listener", "Listener", "{0478361A-DC00-4E77-8AAE-65A7874BF40B}"
EndProject
Project("{2150E333-8FDC-42A3-9474-1A3956D46DE8}") = "Shared", "Shared", "{AD1274CC-8DAE-40FA-AD63-2ED9FDD95ADD}"
EndProject
Project("{2150E333-8FDC-42A3-9474-1A3956D46DE8}") = "1.Domain", "1.Domain", "{1B3EAE16-8633-4A29-9328-1E3BDF070F47}"
EndProject
Project("{2150E333-8FDC-42A3-9474-1A3956D46DE8}") = "2.Application", "2.Application", "{04A843E2-F4D0-497C-A90C-1BFE3AADF523}"
EndProject
Project("{2150E333-8FDC-42A3-9474-1A3956D46DE8}") = "3.Infrastructure", "3.Infrastructure", "{E331AC7F-0E7F-445F-BE92-416C9F3B1A71}"
EndProject
Project("{2150E333-8FDC-42A3-9474-1A3956D46DE8}") = "4.WebApi", "4.WebApi", "{2CE11D60-D069-49B1-9FE8-B127A5F270F2}"
EndProject
Project("{9A19103F-16F7-4668-BE54-9A1E7A4F7556}") = "Consumer.Domain", "Consumer.Domain\Consumer.Domain.csproj", "{464AC430-3EE0-4493-A712-D16BCBA60285}"
EndProject
Project("{9A19103F-16F7-4668-BE54-9A1E7A4F7556}") = "Consumer.Application", "Consumer.Application\Consumer.Application.csproj", "{2C8CFF35-EABB-4CD4-8B93-65A07CCAFFD2}"
EndProject
Project("{9A19103F-16F7-4668-BE54-9A1E7A4F7556}") = "Consumer.Infrastructure", "Consumer.Infrastructure\Consumer.Infrastructure.csproj", "{52418378-C380-4BCB-A759-9DC2E89C71A6}"
EndProject
Project("{9A19103F-16F7-4668-BE54-9A1E7A4F7556}") = "Consumer.WebApi", "Consumer.WebApi\Consumer.WebApi.csproj", "{D45D1152-B87E-4902-92B0-42524199950D}"
EndProject
Project("{2150E333-8FDC-42A3-9474-1A3956D46DE8}") = "WebApi", "WebApi", "{8EED8119-2344-4AC7-B87B-1F9311D459B9}"
EndProject
Project("{9A19103F-16F7-4668-BE54-9A1E7A4F7556}") = "Listener.WebApi", "Listener.WebApi\Listener.WebApi.csproj", "{F23BF8E5-093D-4B73-A7B9-06A1A045D854}"
EndProject
Project("{FAE04EC0-301F-11D3-BF4B-00C04F79EFBC}") = "CommonLibrary", "CommonLibrary\CommonLibrary.csproj", "{F514F745-2CCC-4391-9CF8-0E891582E50B}"
EndProject
Global
	GlobalSection(SolutionConfigurationPlatforms) = preSolution
		Debug|Any CPU = Debug|Any CPU
		Release|Any CPU = Release|Any CPU
	EndGlobalSection
	GlobalSection(ProjectConfigurationPlatforms) = postSolution
		{69CABE13-DFCA-4CCC-A5E4-C8336F83788C}.Debug|Any CPU.ActiveCfg = Debug|Any CPU
		{69CABE13-DFCA-4CCC-A5E4-C8336F83788C}.Debug|Any CPU.Build.0 = Debug|Any CPU
		{69CABE13-DFCA-4CCC-A5E4-C8336F83788C}.Release|Any CPU.ActiveCfg = Release|Any CPU
		{69CABE13-DFCA-4CCC-A5E4-C8336F83788C}.Release|Any CPU.Build.0 = Release|Any CPU
		{464AC430-3EE0-4493-A712-D16BCBA60285}.Debug|Any CPU.ActiveCfg = Debug|Any CPU
		{464AC430-3EE0-4493-A712-D16BCBA60285}.Debug|Any CPU.Build.0 = Debug|Any CPU
		{464AC430-3EE0-4493-A712-D16BCBA60285}.Release|Any CPU.ActiveCfg = Release|Any CPU
		{464AC430-3EE0-4493-A712-D16BCBA60285}.Release|Any CPU.Build.0 = Release|Any CPU
		{2C8CFF35-EABB-4CD4-8B93-65A07CCAFFD2}.Debug|Any CPU.ActiveCfg = Debug|Any CPU
		{2C8CFF35-EABB-4CD4-8B93-65A07CCAFFD2}.Debug|Any CPU.Build.0 = Debug|Any CPU
		{2C8CFF35-EABB-4CD4-8B93-65A07CCAFFD2}.Release|Any CPU.ActiveCfg = Release|Any CPU
		{2C8CFF35-EABB-4CD4-8B93-65A07CCAFFD2}.Release|Any CPU.Build.0 = Release|Any CPU
		{52418378-C380-4BCB-A759-9DC2E89C71A6}.Debug|Any CPU.ActiveCfg = Debug|Any CPU
		{52418378-C380-4BCB-A759-9DC2E89C71A6}.Debug|Any CPU.Build.0 = Debug|Any CPU
		{52418378-C380-4BCB-A759-9DC2E89C71A6}.Release|Any CPU.ActiveCfg = Release|Any CPU
		{52418378-C380-4BCB-A759-9DC2E89C71A6}.Release|Any CPU.Build.0 = Release|Any CPU
		{D45D1152-B87E-4902-92B0-42524199950D}.Debug|Any CPU.ActiveCfg = Debug|Any CPU
		{D45D1152-B87E-4902-92B0-42524199950D}.Debug|Any CPU.Build.0 = Debug|Any CPU
		{D45D1152-B87E-4902-92B0-42524199950D}.Release|Any CPU.ActiveCfg = Release|Any CPU
		{D45D1152-B87E-4902-92B0-42524199950D}.Release|Any CPU.Build.0 = Release|Any CPU
		{F23BF8E5-093D-4B73-A7B9-06A1A045D854}.Debug|Any CPU.ActiveCfg = Debug|Any CPU
		{F23BF8E5-093D-4B73-A7B9-06A1A045D854}.Debug|Any CPU.Build.0 = Debug|Any CPU
		{F23BF8E5-093D-4B73-A7B9-06A1A045D854}.Release|Any CPU.ActiveCfg = Release|Any CPU
		{F23BF8E5-093D-4B73-A7B9-06A1A045D854}.Release|Any CPU.Build.0 = Release|Any CPU
		{F514F745-2CCC-4391-9CF8-0E891582E50B}.Debug|Any CPU.ActiveCfg = Debug|Any CPU
		{F514F745-2CCC-4391-9CF8-0E891582E50B}.Debug|Any CPU.Build.0 = Debug|Any CPU
		{F514F745-2CCC-4391-9CF8-0E891582E50B}.Release|Any CPU.ActiveCfg = Release|Any CPU
		{F514F745-2CCC-4391-9CF8-0E891582E50B}.Release|Any CPU.Build.0 = Release|Any CPU
	EndGlobalSection
	GlobalSection(SolutionProperties) = preSolution
		HideSolutionNode = FALSE
	EndGlobalSection
	GlobalSection(NestedProjects) = preSolution
		{69CABE13-DFCA-4CCC-A5E4-C8336F83788C} = {5BF7462B-AC2F-40D2-A99D-10BB06E629CB}
		{1B3EAE16-8633-4A29-9328-1E3BDF070F47} = {7E5DC6BF-2A57-4C90-A6D2-43ADBC916FAB}
		{04A843E2-F4D0-497C-A90C-1BFE3AADF523} = {7E5DC6BF-2A57-4C90-A6D2-43ADBC916FAB}
		{E331AC7F-0E7F-445F-BE92-416C9F3B1A71} = {7E5DC6BF-2A57-4C90-A6D2-43ADBC916FAB}
		{2CE11D60-D069-49B1-9FE8-B127A5F270F2} = {7E5DC6BF-2A57-4C90-A6D2-43ADBC916FAB}
		{464AC430-3EE0-4493-A712-D16BCBA60285} = {1B3EAE16-8633-4A29-9328-1E3BDF070F47}
		{2C8CFF35-EABB-4CD4-8B93-65A07CCAFFD2} = {04A843E2-F4D0-497C-A90C-1BFE3AADF523}
		{52418378-C380-4BCB-A759-9DC2E89C71A6} = {E331AC7F-0E7F-445F-BE92-416C9F3B1A71}
		{D45D1152-B87E-4902-92B0-42524199950D} = {2CE11D60-D069-49B1-9FE8-B127A5F270F2}
		{8EED8119-2344-4AC7-B87B-1F9311D459B9} = {0478361A-DC00-4E77-8AAE-65A7874BF40B}
		{F23BF8E5-093D-4B73-A7B9-06A1A045D854} = {8EED8119-2344-4AC7-B87B-1F9311D459B9}
		{F514F745-2CCC-4391-9CF8-0E891582E50B} = {AD1274CC-8DAE-40FA-AD63-2ED9FDD95ADD}
	EndGlobalSection
	GlobalSection(ExtensibilityGlobals) = postSolution
		SolutionGuid = {9185B77F-E82F-4181-938C-B2BCAAD8A23C}
	EndGlobalSection
EndGlobal
